{
  "name": "assets",
  "lockfileVersion": 3,
  "requires": true,
  "packages": {
    "": {
      "dependencies": {
        "@gcpreston/slippi-viewer": "^0.1.16"
      }
    },
    "node_modules/@gcpreston/slippi-viewer": {
      "version": "0.1.16",
      "resolved": "https://registry.npmjs.org/@gcpreston/slippi-viewer/-/slippi-viewer-0.1.16.tgz",
      "integrity": "sha512-DVdQy4jy2TwuER3lgnpe7HM0s/a4e/ad5WG5ZaH+nAJ78qW1HjHcHakNOuZx3MBlzmWLf1xiE3jZ6ZKZZ9e3mA==",
      "license": "MIT",
      "dependencies": {
        "@shelacek/ubjson": "^1.1.1",
        "@solid-primitives/raf": "^2.1.4",
        "fflate": "^0.7.4",
        "reconnecting-websocket": "^4.4.0",
        "solid-element": "^1.9.1",
        "solid-js": "^1.6.3"
      }
    },
    "node_modules/@shelacek/ubjson": {
      "version": "1.1.1",
      "license": "MIT"
    },
    "node_modules/@solid-primitives/raf": {
      "version": "2.3.1",
      "license": "MIT",
      "dependencies": {
        "@solid-primitives/utils": "^6.3.1"
      },
      "peerDependencies": {
        "solid-js": "^1.6.12"
      }
    },
    "node_modules/@solid-primitives/utils": {
      "version": "6.3.1",
      "license": "MIT",
      "peerDependencies": {
        "solid-js": "^1.6.12"
      }
    },
    "node_modules/component-register": {
      "version": "0.8.7",
      "license": "MIT"
    },
    "node_modules/csstype": {
      "version": "3.1.3",
      "license": "MIT"
    },
    "node_modules/fflate": {
      "version": "0.7.4",
      "license": "MIT"
    },
    "node_modules/reconnecting-websocket": {
      "version": "4.4.0",
      "license": "MIT"
    },
    "node_modules/seroval": {
      "version": "1.3.2",
      "license": "MIT",
      "engines": {
        "node": ">=10"
      }
    },
    "node_modules/seroval-plugins": {
      "version": "1.3.2",
      "license": "MIT",
      "engines": {
        "node": ">=10"
      },
      "peerDependencies": {
        "seroval": "^1.0"
      }
    },
    "node_modules/solid-element": {
      "version": "1.9.1",
      "license": "MIT",
      "dependencies": {
        "component-register": "^0.8.7"
      },
      "peerDependencies": {
        "solid-js": "^1.9.3"
      }
    },
    "node_modules/solid-js": {
      "version": "1.9.7",
      "license": "MIT",
      "dependencies": {
        "csstype": "^3.1.0",
        "seroval": "~1.3.0",
        "seroval-plugins": "~1.3.0"
      }
    }
  }
}
