{
  "name": "assets",
  "lockfileVersion": 3,
  "requires": true,
  "packages": {
    "": {
      "dependencies": {
        "@gcpreston/slippi-viewer": "^0.1.7"
      }
    },
    "node_modules/@gcpreston/slippi-viewer": {
      "version": "0.1.7",
      "resolved": "https://registry.npmjs.org/@gcpreston/slippi-viewer/-/slippi-viewer-0.1.7.tgz",
      "integrity": "sha512-wIj/s5ADCQ1cqtcG7Mvq74afx2qqImSbUSjZxBnixA3dv9KnmkZ6r94LYRURw1chldpv2uG/rLMK42qUs2Z0Fg==",
      "license": "MIT",
      "dependencies": {
        "@shelacek/ubjson": "^1.1.1",
        "@solid-primitives/raf": "^2.1.4",
        "fflate": "^0.7.4",
        "solid-element": "^1.9.1",
        "solid-js": "^1.6.3"
      }
    },
    "node_modules/@shelacek/ubjson": {
      "version": "1.1.1",
      "resolved": "https://registry.npmjs.org/@shelacek/ubjson/-/ubjson-1.1.1.tgz",
      "integrity": "sha512-2Vi46ct3IWzh8eAz9IZ0NulIRtJbGgJDppatJvufB0fHwasRSfklBoQrVrCutF24fSuRvTvZVebjtcIHOxvzWw==",
      "license": "MIT"
    },
    "node_modules/@solid-primitives/raf": {
      "version": "2.3.1",
      "resolved": "https://registry.npmjs.org/@solid-primitives/raf/-/raf-2.3.1.tgz",
      "integrity": "sha512-0njLtSkdoVAAIv5hD7/rYTPt3NEIyO3lfCIrC17RJ+ycLT6+Y7ckopT9Eow2onwFGrkK05jZpMsuph7hVl2/ng==",
      "license": "MIT",
      "dependencies": {
        "@solid-primitives/utils": "^6.3.1"
      },
      "peerDependencies": {
        "solid-js": "^1.6.12"
      }
    },
    "node_modules/@solid-primitives/utils": {
      "version": "6.3.1",
      "resolved": "https://registry.npmjs.org/@solid-primitives/utils/-/utils-6.3.1.tgz",
      "integrity": "sha512-4/Z59nnwu4MPR//zWZmZm2yftx24jMqQ8CSd/JobL26TPfbn4Ph8GKNVJfGJWShg1QB98qObJSskqizbTvcLLA==",
      "license": "MIT",
      "peerDependencies": {
        "solid-js": "^1.6.12"
      }
    },
    "node_modules/component-register": {
      "version": "0.8.7",
      "resolved": "https://registry.npmjs.org/component-register/-/component-register-0.8.7.tgz",
      "integrity": "sha512-clPS/o1RNfJw7L1/w4q+nkj6l7JV32kFHCx6vW5nSPOEly4B9olMeADNilEgpLV/DdeS7y8JXhHKx9YvSj8vqQ==",
      "license": "MIT"
    },
    "node_modules/csstype": {
      "version": "3.1.3",
      "resolved": "https://registry.npmjs.org/csstype/-/csstype-3.1.3.tgz",
      "integrity": "sha512-M1uQkMl8rQK/szD0LNhtqxIPLpimGm8sOBwU7lLnCpSbTyY3yeU1Vc7l4KT5zT4s/yOxHH5O7tIuuLOCnLADRw==",
      "license": "MIT"
    },
    "node_modules/fflate": {
      "version": "0.7.4",
      "resolved": "https://registry.npmjs.org/fflate/-/fflate-0.7.4.tgz",
      "integrity": "sha512-5u2V/CDW15QM1XbbgS+0DfPxVB+jUKhWEKuuFuHncbk3tEEqzmoXL+2KyOFuKGqOnmdIy0/davWF1CkuwtibCw==",
      "license": "MIT"
    },
    "node_modules/seroval": {
      "version": "1.3.1",
      "resolved": "https://registry.npmjs.org/seroval/-/seroval-1.3.1.tgz",
      "integrity": "sha512-F+T9EQPdLzgdewgxnBh4mSc+vde+EOkU6dC9BDuu/bfGb+UyUlqM6t8znFCTPQSuai/ZcfFg0gu79h+bVW2O0w==",
      "license": "MIT",
      "engines": {
        "node": ">=10"
      }
    },
    "node_modules/seroval-plugins": {
      "version": "1.3.1",
      "resolved": "https://registry.npmjs.org/seroval-plugins/-/seroval-plugins-1.3.1.tgz",
      "integrity": "sha512-dOlUoiI3fgZbQIcj6By+l865pzeWdP3XCSLdI3xlKnjCk5983yLWPsXytFOUI0BUZKG9qwqbj78n9yVcVwUqaQ==",
      "license": "MIT",
      "engines": {
        "node": ">=10"
      },
      "peerDependencies": {
        "seroval": "^1.0"
      }
    },
    "node_modules/solid-element": {
      "version": "1.9.1",
      "resolved": "https://registry.npmjs.org/solid-element/-/solid-element-1.9.1.tgz",
      "integrity": "sha512-baJy6Qz27oAUgkPlqOf3Y+7RsBiuVQrS51Nrh1ddDbrqrNPvJbIvehpUsTzLNFb2ZHIoHuNnDg330go/ZKcRdg==",
      "license": "MIT",
      "dependencies": {
        "component-register": "^0.8.7"
      },
      "peerDependencies": {
        "solid-js": "^1.9.3"
      }
    },
    "node_modules/solid-js": {
      "version": "1.9.6",
      "resolved": "https://registry.npmjs.org/solid-js/-/solid-js-1.9.6.tgz",
      "integrity": "sha512-PoasAJvLk60hRtOTe9ulvALOdLjjqxuxcGZRolBQqxOnXrBXHGzqMT4ijNhGsDAYdOgEa8ZYaAE94PSldrFSkA==",
      "license": "MIT",
      "dependencies": {
        "csstype": "^3.1.0",
        "seroval": "^1.1.0",
        "seroval-plugins": "^1.1.0"
      }
    }
  }
}
